
Microsoft Visual Studio Solution File, Format Version 12.00
# Visual Studio 15
VisualStudioVersion = 15.0.27703.2026
MinimumVisualStudioVersion = 10.0.40219.1
Project("{9A19103F-16F7-4668-BE54-9A1E7A4F7556}") = "TeamspeakAnalytics.hosting", "src\TeamspeakAnalytics.hosting\TeamspeakAnalytics.hosting.csproj", "{9480D3D4-2695-4F19-9308-9D568A5A569A}"
EndProject
Project("{9A19103F-16F7-4668-BE54-9A1E7A4F7556}") = "TeamspeakAnalytics.ts3provider", "src\TeamspeakAnalytics.ts3provider\TeamspeakAnalytics.ts3provider.csproj", "{2D83E8B6-A1A9-473A-BDF3-E81D18DD36BB}"
EndProject
Project("{FAE04EC0-301F-11D3-BF4B-00C04F79EFBC}") = "TeamspeakAnalytics.database.mssql", "src\TeamspeakAnalytics.database.mssql\TeamspeakAnalytics.database.mssql.csproj", "{43CF7B20-39A6-4E80-B353-461073E024FE}"
EndProject
Global
	GlobalSection(SolutionConfigurationPlatforms) = preSolution
		Debug|Any CPU = Debug|Any CPU
		Release|Any CPU = Release|Any CPU
	EndGlobalSection
	GlobalSection(ProjectConfigurationPlatforms) = postSolution
		{9480D3D4-2695-4F19-9308-9D568A5A569A}.Debug|Any CPU.ActiveCfg = Debug|Any CPU
		{9480D3D4-2695-4F19-9308-9D568A5A569A}.Debug|Any CPU.Build.0 = Debug|Any CPU
		{9480D3D4-2695-4F19-9308-9D568A5A569A}.Release|Any CPU.ActiveCfg = Release|Any CPU
		{9480D3D4-2695-4F19-9308-9D568A5A569A}.Release|Any CPU.Build.0 = Release|Any CPU
		{2D83E8B6-A1A9-473A-BDF3-E81D18DD36BB}.Debug|Any CPU.ActiveCfg = Debug|Any CPU
		{2D83E8B6-A1A9-473A-BDF3-E81D18DD36BB}.Debug|Any CPU.Build.0 = Debug|Any CPU
		{2D83E8B6-A1A9-473A-BDF3-E81D18DD36BB}.Release|Any CPU.ActiveCfg = Release|Any CPU
		{2D83E8B6-A1A9-473A-BDF3-E81D18DD36BB}.Release|Any CPU.Build.0 = Release|Any CPU
		{43CF7B20-39A6-4E80-B353-461073E024FE}.Debug|Any CPU.ActiveCfg = Debug|Any CPU
		{43CF7B20-39A6-4E80-B353-461073E024FE}.Debug|Any CPU.Build.0 = Debug|Any CPU
		{43CF7B20-39A6-4E80-B353-461073E024FE}.Release|Any CPU.ActiveCfg = Release|Any CPU
		{43CF7B20-39A6-4E80-B353-461073E024FE}.Release|Any CPU.Build.0 = Release|Any CPU
	EndGlobalSection
	GlobalSection(SolutionProperties) = preSolution
		HideSolutionNode = FALSE
	EndGlobalSection
	GlobalSection(ExtensibilityGlobals) = postSolution
		SolutionGuid = {27FDAA05-EAE9-4824-8270-558444948773}
	EndGlobalSection
EndGlobal
